
Microsoft Visual Studio Solution File, Format Version 12.00
# Visual Studio Version 17
VisualStudioVersion = 17.11.35312.102
MinimumVisualStudioVersion = 10.0.40219.1
Project("{FAE04EC0-301F-11D3-BF4B-00C04F79EFBC}") = "Task1", "Task1\Task1.csproj", "{A840FB3F-D3D4-4612-9139-77E50B8753C9}"
EndProject
Project("{FAE04EC0-301F-11D3-BF4B-00C04F79EFBC}") = "Task2", "Task2\Task2.csproj", "{FBFD3AFD-0C18-4603-A877-D9102C8BD5E1}"
EndProject
Project("{FAE04EC0-301F-11D3-BF4B-00C04F79EFBC}") = "Task4", "Task3\Task4.csproj", "{7E293467-A367-418A-A105-1B5CCBF54D82}"
EndProject
Global
	GlobalSection(SolutionConfigurationPlatforms) = preSolution
		Debug|Any CPU = Debug|Any CPU
		Release|Any CPU = Release|Any CPU
	EndGlobalSection
	GlobalSection(ProjectConfigurationPlatforms) = postSolution
		{A840FB3F-D3D4-4612-9139-77E50B8753C9}.Debug|Any CPU.ActiveCfg = Debug|Any CPU
		{A840FB3F-D3D4-4612-9139-77E50B8753C9}.Debug|Any CPU.Build.0 = Debug|Any CPU
		{A840FB3F-D3D4-4612-9139-77E50B8753C9}.Release|Any CPU.ActiveCfg = Release|Any CPU
		{A840FB3F-D3D4-4612-9139-77E50B8753C9}.Release|Any CPU.Build.0 = Release|Any CPU
		{FBFD3AFD-0C18-4603-A877-D9102C8BD5E1}.Debug|Any CPU.ActiveCfg = Debug|Any CPU
		{FBFD3AFD-0C18-4603-A877-D9102C8BD5E1}.Debug|Any CPU.Build.0 = Debug|Any CPU
		{FBFD3AFD-0C18-4603-A877-D9102C8BD5E1}.Release|Any CPU.ActiveCfg = Release|Any CPU
		{FBFD3AFD-0C18-4603-A877-D9102C8BD5E1}.Release|Any CPU.Build.0 = Release|Any CPU
		{7E293467-A367-418A-A105-1B5CCBF54D82}.Debug|Any CPU.ActiveCfg = Debug|Any CPU
		{7E293467-A367-418A-A105-1B5CCBF54D82}.Debug|Any CPU.Build.0 = Debug|Any CPU
		{7E293467-A367-418A-A105-1B5CCBF54D82}.Release|Any CPU.ActiveCfg = Release|Any CPU
		{7E293467-A367-418A-A105-1B5CCBF54D82}.Release|Any CPU.Build.0 = Release|Any CPU
	EndGlobalSection
	GlobalSection(SolutionProperties) = preSolution
		HideSolutionNode = FALSE
	EndGlobalSection
	GlobalSection(ExtensibilityGlobals) = postSolution
		SolutionGuid = {FCFB61A9-87D9-415B-B9D4-982568A68ABF}
	EndGlobalSection
EndGlobal
